// !$*UTF8*$!
{
	archiveVersion = 1;
	classes = {
	};
	objectVersion = 50;
	objects = {

/* Begin PBXBuildFile section */
		8BA4A9EE20EFD97900E9FC5C /* AppDelegate.swift in Sources */ = {isa = PBXBuildFile; fileRef = 8BA4A9ED20EFD97900E9FC5C /* AppDelegate.swift */; };
		8BA4A9F020EFD97900E9FC5C /* GameScene.sks in Resources */ = {isa = PBXBuildFile; fileRef = 8BA4A9EF20EFD97900E9FC5C /* GameScene.sks */; };
		8BA4A9F220EFD97900E9FC5C /* Actions.sks in Resources */ = {isa = PBXBuildFile; fileRef = 8BA4A9F120EFD97900E9FC5C /* Actions.sks */; };
		8BA4A9F420EFD97900E9FC5C /* GameScene.swift in Sources */ = {isa = PBXBuildFile; fileRef = 8BA4A9F320EFD97900E9FC5C /* GameScene.swift */; };
		8BA4A9F620EFD97900E9FC5C /* GameViewController.swift in Sources */ = {isa = PBXBuildFile; fileRef = 8BA4A9F520EFD97900E9FC5C /* GameViewController.swift */; };
		8BA4A9F920EFD97900E9FC5C /* Main.storyboard in Resources */ = {isa = PBXBuildFile; fileRef = 8BA4A9F720EFD97900E9FC5C /* Main.storyboard */; };
		8BA4A9FB20EFD97A00E9FC5C /* Assets.xcassets in Resources */ = {isa = PBXBuildFile; fileRef = 8BA4A9FA20EFD97A00E9FC5C /* Assets.xcassets */; };
		8BA4A9FE20EFD97A00E9FC5C /* LaunchScreen.storyboard in Resources */ = {isa = PBXBuildFile; fileRef = 8BA4A9FC20EFD97A00E9FC5C /* LaunchScreen.storyboard */; };
/* End PBXBuildFile section */

/* Begin PBXFileReference section */
		8BA4A9EA20EFD97900E9FC5C /* Gravity Toy.app */ = {isa = PBXFileReference; explicitFileType = wrapper.application; includeInIndex = 0; path = "Gravity Toy.app"; sourceTree = BUILT_PRODUCTS_DIR; };
		8BA4A9ED20EFD97900E9FC5C /* AppDelegate.swift */ = {isa = PBXFileReference; lastKnownFileType = sourcecode.swift; path = AppDelegate.swift; sourceTree = "<group>"; };
		8BA4A9EF20EFD97900E9FC5C /* GameScene.sks */ = {isa = PBXFileReference; lastKnownFileType = file.sks; path = GameScene.sks; sourceTree = "<group>"; };
		8BA4A9F120EFD97900E9FC5C /* Actions.sks */ = {isa = PBXFileReference; lastKnownFileType = file.sks; path = Actions.sks; sourceTree = "<group>"; };
		8BA4A9F320EFD97900E9FC5C /* GameScene.swift */ = {isa = PBXFileReference; lastKnownFileType = sourcecode.swift; path = GameScene.swift; sourceTree = "<group>"; };
		8BA4A9F520EFD97900E9FC5C /* GameViewController.swift */ = {isa = PBXFileReference; lastKnownFileType = sourcecode.swift; path = GameViewController.swift; sourceTree = "<group>"; };
		8BA4A9F820EFD97900E9FC5C /* Base */ = {isa = PBXFileReference; lastKnownFileType = file.storyboard; name = Base; path = Base.lproj/Main.storyboard; sourceTree = "<group>"; };
		8BA4A9FA20EFD97A00E9FC5C /* Assets.xcassets */ = {isa = PBXFileReference; lastKnownFileType = folder.assetcatalog; path = Assets.xcassets; sourceTree = "<group>"; };
		8BA4A9FD20EFD97A00E9FC5C /* Base */ = {isa = PBXFileReference; lastKnownFileType = file.storyboard; name = Base; path = Base.lproj/LaunchScreen.storyboard; sourceTree = "<group>"; };
		8BA4A9FF20EFD97A00E9FC5C /* Info.plist */ = {isa = PBXFileReference; lastKnownFileType = text.plist.xml; path = Info.plist; sourceTree = "<group>"; };
/* End PBXFileReference section */

/* Begin PBXFrameworksBuildPhase section */
		8BA4A9E720EFD97900E9FC5C /* Frameworks */ = {
			isa = PBXFrameworksBuildPhase;
			buildActionMask = 2147483647;
			files = (
			);
			runOnlyForDeploymentPostprocessing = 0;
		};
/* End PBXFrameworksBuildPhase section */

/* Begin PBXGroup section */
		8BA4A9E120EFD97900E9FC5C = {
			isa = PBXGroup;
			children = (
				8BA4A9EC20EFD97900E9FC5C /* Gravity Toy */,
				8BA4A9EB20EFD97900E9FC5C /* Products */,
			);
			sourceTree = "<group>";
		};
		8BA4A9EB20EFD97900E9FC5C /* Products */ = {
			isa = PBXGroup;
			children = (
				8BA4A9EA20EFD97900E9FC5C /* Gravity Toy.app */,
			);
			name = Products;
			sourceTree = "<group>";
		};
		8BA4A9EC20EFD97900E9FC5C /* Gravity Toy */ = {
			isa = PBXGroup;
			children = (
				8BA4A9ED20EFD97900E9FC5C /* AppDelegate.swift */,
				8BA4A9EF20EFD97900E9FC5C /* GameScene.sks */,
				8BA4A9F120EFD97900E9FC5C /* Actions.sks */,
				8BA4A9F320EFD97900E9FC5C /* GameScene.swift */,
				8BA4A9F520EFD97900E9FC5C /* GameViewController.swift */,
				8BA4A9F720EFD97900E9FC5C /* Main.storyboard */,
				8BA4A9FA20EFD97A00E9FC5C /* Assets.xcassets */,
				8BA4A9FC20EFD97A00E9FC5C /* LaunchScreen.storyboard */,
				8BA4A9FF20EFD97A00E9FC5C /* Info.plist */,
			);
			path = "Gravity Toy";
			sourceTree = "<group>";
		};
/* End PBXGroup section */

/* Begin PBXNativeTarget section */
		8BA4A9E920EFD97900E9FC5C /* Gravity Toy */ = {
			isa = PBXNativeTarget;
			buildConfigurationList = 8BA4AA0220EFD97A00E9FC5C /* Build configuration list for PBXNativeTarget "Gravity Toy" */;
			buildPhases = (
				8BA4A9E620EFD97900E9FC5C /* Sources */,
				8BA4A9E720EFD97900E9FC5C /* Frameworks */,
				8BA4A9E820EFD97900E9FC5C /* Resources */,
			);
			buildRules = (
			);
			dependencies = (
			);
			name = "Gravity Toy";
			productName = "Gravity Toy";
			productReference = 8BA4A9EA20EFD97900E9FC5C /* Gravity Toy.app */;
			productType = "com.apple.product-type.application";
		};
/* End PBXNativeTarget section */

/* Begin PBXProject section */
		8BA4A9E220EFD97900E9FC5C /* Project object */ = {
			isa = PBXProject;
			attributes = {
				LastSwiftUpdateCheck = 0940;
				LastUpgradeCheck = 0940;
				ORGANIZATIONNAME = "Dane Olsen";
				TargetAttributes = {
					8BA4A9E920EFD97900E9FC5C = {
						CreatedOnToolsVersion = 9.4.1;
					};
				};
			};
			buildConfigurationList = 8BA4A9E520EFD97900E9FC5C /* Build configuration list for PBXProject "Gravity Toy" */;
			compatibilityVersion = "Xcode 9.3";
			developmentRegion = en;
			hasScannedForEncodings = 0;
			knownRegions = (
				en,
				Base,
			);
			mainGroup = 8BA4A9E120EFD97900E9FC5C;
			productRefGroup = 8BA4A9EB20EFD97900E9FC5C /* Products */;
			projectDirPath = "";
			projectRoot = "";
			targets = (
				8BA4A9E920EFD97900E9FC5C /* Gravity Toy */,
			);
		};
/* End PBXProject section */

/* Begin PBXResourcesBuildPhase section */
		8BA4A9E820EFD97900E9FC5C /* Resources */ = {
			isa = PBXResourcesBuildPhase;
			buildActionMask = 2147483647;
			files = (
				8BA4A9F920EFD97900E9FC5C /* Main.storyboard in Resources */,
				8BA4A9F020EFD97900E9FC5C /* GameScene.sks in Resources */,
				8BA4A9FB20EFD97A00E9FC5C /* Assets.xcassets in Resources */,
				8BA4A9FE20EFD97A00E9FC5C /* LaunchScreen.storyboard in Resources */,
				8BA4A9F220EFD97900E9FC5C /* Actions.sks in Resources */,
			);
			runOnlyForDeploymentPostprocessing = 0;
		};
/* End PBXResourcesBuildPhase section */

/* Begin PBXSourcesBuildPhase section */
		8BA4A9E620EFD97900E9FC5C /* Sources */ = {
			isa = PBXSourcesBuildPhase;
			buildActionMask = 2147483647;
			files = (
				8BA4A9F420EFD97900E9FC5C /* GameScene.swift in Sources */,
				8BA4A9F620EFD97900E9FC5C /* GameViewController.swift in Sources */,
				8BA4A9EE20EFD97900E9FC5C /* AppDelegate.swift in Sources */,
			);
			runOnlyForDeploymentPostprocessing = 0;
		};
/* End PBXSourcesBuildPhase section */

/* Begin PBXVariantGroup section */
		8BA4A9F720EFD97900E9FC5C /* Main.storyboard */ = {
			isa = PBXVariantGroup;
			children = (
				8BA4A9F820EFD97900E9FC5C /* Base */,
			);
			name = Main.storyboard;
			sourceTree = "<group>";
		};
		8BA4A9FC20EFD97A00E9FC5C /* LaunchScreen.storyboard */ = {
			isa = PBXVariantGroup;
			children = (
				8BA4A9FD20EFD97A00E9FC5C /* Base */,
			);
			name = LaunchScreen.storyboard;
			sourceTree = "<group>";
		};
/* End PBXVariantGroup section */

/* Begin XCBuildConfiguration section */
		8BA4AA0020EFD97A00E9FC5C /* Debug */ = {
			isa = XCBuildConfiguration;
			buildSettings = {
				ALWAYS_SEARCH_USER_PATHS = NO;
				CLANG_ANALYZER_NONNULL = YES;
				CLANG_ANALYZER_NUMBER_OBJECT_CONVERSION = YES_AGGRESSIVE;
				CLANG_CXX_LANGUAGE_STANDARD = "gnu++14";
				CLANG_CXX_LIBRARY = "libc++";
				CLANG_ENABLE_MODULES = YES;
				CLANG_ENABLE_OBJC_ARC = YES;
				CLANG_ENABLE_OBJC_WEAK = YES;
				CLANG_WARN_BLOCK_CAPTURE_AUTORELEASING = YES;
				CLANG_WARN_BOOL_CONVERSION = YES;
				CLANG_WARN_COMMA = YES;
				CLANG_WARN_CONSTANT_CONVERSION = YES;
				CLANG_WARN_DEPRECATED_OBJC_IMPLEMENTATIONS = YES;
				CLANG_WARN_DIRECT_OBJC_ISA_USAGE = YES_ERROR;
				CLANG_WARN_DOCUMENTATION_COMMENTS = YES;
				CLANG_WARN_EMPTY_BODY = YES;
				CLANG_WARN_ENUM_CONVERSION = YES;
				CLANG_WARN_INFINITE_RECURSION = YES;
				CLANG_WARN_INT_CONVERSION = YES;
				CLANG_WARN_NON_LITERAL_NULL_CONVERSION = YES;
				CLANG_WARN_OBJC_IMPLICIT_RETAIN_SELF = YES;
				CLANG_WARN_OBJC_LITERAL_CONVERSION = YES;
				CLANG_WARN_OBJC_ROOT_CLASS = YES_ERROR;
				CLANG_WARN_RANGE_LOOP_ANALYSIS = YES;
				CLANG_WARN_STRICT_PROTOTYPES = YES;
				CLANG_WARN_SUSPICIOUS_MOVE = YES;
				CLANG_WARN_UNGUARDED_AVAILABILITY = YES_AGGRESSIVE;
				CLANG_WARN_UNREACHABLE_CODE = YES;
				CLANG_WARN__DUPLICATE_METHOD_MATCH = YES;
				CODE_SIGN_IDENTITY = "iPhone Developer";
				COPY_PHASE_STRIP = NO;
				DEBUG_INFORMATION_FORMAT = dwarf;
				ENABLE_STRICT_OBJC_MSGSEND = YES;
				ENABLE_TESTABILITY = YES;
				GCC_C_LANGUAGE_STANDARD = gnu11;
				GCC_DYNAMIC_NO_PIC = NO;
				GCC_NO_COMMON_BLOCKS = YES;
				GCC_OPTIMIZATION_LEVEL = 0;
				GCC_PREPROCESSOR_DEFINITIONS = (
					"DEBUG=1",
					"$(inherited)",
				);
				GCC_WARN_64_TO_32_BIT_CONVERSION = YES;
				GCC_WARN_ABOUT_RETURN_TYPE = YES_ERROR;
				GCC_WARN_UNDECLARED_SELECTOR = YES;
				GCC_WARN_UNINITIALIZED_AUTOS = YES_AGGRESSIVE;
				GCC_WARN_UNUSED_FUNCTION = YES;
				GCC_WARN_UNUSED_VARIABLE = YES;
				IPHONEOS_DEPLOYMENT_TARGET = 11.4;
				MTL_ENABLE_DEBUG_INFO = YES;
				ONLY_ACTIVE_ARCH = YES;
				SDKROOT = iphoneos;
				SWIFT_ACTIVE_COMPILATION_CONDITIONS = DEBUG;
				SWIFT_OPTIMIZATION_LEVEL = "-Onone";
			};
			name = Debug;
		};
		8BA4AA0120EFD97A00E9FC5C /* Release */ = {
			isa = XCBuildConfiguration;
			buildSettings = {
				ALWAYS_SEARCH_USER_PATHS = NO;
				CLANG_ANALYZER_NONNULL = YES;
				CLANG_ANALYZER_NUMBER_OBJECT_CONVERSION = YES_AGGRESSIVE;
				CLANG_CXX_LANGUAGE_STANDARD = "gnu++14";
				CLANG_CXX_LIBRARY = "libc++";
				CLANG_ENABLE_MODULES = YES;
				CLANG_ENABLE_OBJC_ARC = YES;
				CLANG_ENABLE_OBJC_WEAK = YES;
				CLANG_WARN_BLOCK_CAPTURE_AUTORELEASING = YES;
				CLANG_WARN_BOOL_CONVERSION = YES;
				CLANG_WARN_COMMA = YES;
				CLANG_WARN_CONSTANT_CONVERSION = YES;
				CLANG_WARN_DEPRECATED_OBJC_IMPLEMENTATIONS = YES;
				CLANG_WARN_DIRECT_OBJC_ISA_USAGE = YES_ERROR;
				CLANG_WARN_DOCUMENTATION_COMMENTS = YES;
				CLANG_WARN_EMPTY_BODY = YES;
				CLANG_WARN_ENUM_CONVERSION = YES;
				CLANG_WARN_INFINITE_RECURSION = YES;
				CLANG_WARN_INT_CONVERSION = YES;
				CLANG_WARN_NON_LITERAL_NULL_CONVERSION = YES;
				CLANG_WARN_OBJC_IMPLICIT_RETAIN_SELF = YES;
				CLANG_WARN_OBJC_LITERAL_CONVERSION = YES;
				CLANG_WARN_OBJC_ROOT_CLASS = YES_ERROR;
				CLANG_WARN_RANGE_LOOP_ANALYSIS = YES;
				CLANG_WARN_STRICT_PROTOTYPES = YES;
				CLANG_WARN_SUSPICIOUS_MOVE = YES;
				CLANG_WARN_UNGUARDED_AVAILABILITY = YES_AGGRESSIVE;
				CLANG_WARN_UNREACHABLE_CODE = YES;
				CLANG_WARN__DUPLICATE_METHOD_MATCH = YES;
				CODE_SIGN_IDENTITY = "iPhone Developer";
				COPY_PHASE_STRIP = NO;
				DEBUG_INFORMATION_FORMAT = "dwarf-with-dsym";
				ENABLE_NS_ASSERTIONS = NO;
				ENABLE_STRICT_OBJC_MSGSEND = YES;
				GCC_C_LANGUAGE_STANDARD = gnu11;
				GCC_NO_COMMON_BLOCKS = YES;
				GCC_WARN_64_TO_32_BIT_CONVERSION = YES;
				GCC_WARN_ABOUT_RETURN_TYPE = YES_ERROR;
				GCC_WARN_UNDECLARED_SELECTOR = YES;
				GCC_WARN_UNINITIALIZED_AUTOS = YES_AGGRESSIVE;
				GCC_WARN_UNUSED_FUNCTION = YES;
				GCC_WARN_UNUSED_VARIABLE = YES;
				IPHONEOS_DEPLOYMENT_TARGET = 11.4;
				MTL_ENABLE_DEBUG_INFO = NO;
				SDKROOT = iphoneos;
				SWIFT_COMPILATION_MODE = wholemodule;
				SWIFT_OPTIMIZATION_LEVEL = "-O";
				VALIDATE_PRODUCT = YES;
			};
			name = Release;
		};
		8BA4AA0320EFD97A00E9FC5C /* Debug */ = {
			isa = XCBuildConfiguration;
			buildSettings = {
				ASSETCATALOG_COMPILER_APPICON_NAME = AppIcon;
				CODE_SIGN_STYLE = Automatic;
				DEVELOPMENT_TEAM = 6Z99BDRAM5;
				INFOPLIST_FILE = "Gravity Toy/Info.plist";
				LD_RUNPATH_SEARCH_PATHS = (
					"$(inherited)",
					"@executable_path/Frameworks",
				);
				PRODUCT_BUNDLE_IDENTIFIER = "com.danekolsen.Gravity-Toy";
				PRODUCT_NAME = "$(TARGET_NAME)";
				SWIFT_VERSION = 4.0;
				TARGETED_DEVICE_FAMILY = "1,2";
			};
			name = Debug;
		};
		8BA4AA0420EFD97A00E9FC5C /* Release */ = {
			isa = XCBuildConfiguration;
			buildSettings = {
				ASSETCATALOG_COMPILER_APPICON_NAME = AppIcon;
				CODE_SIGN_STYLE = Automatic;
				DEVELOPMENT_TEAM = 6Z99BDRAM5;
				INFOPLIST_FILE = "Gravity Toy/Info.plist";
				LD_RUNPATH_SEARCH_PATHS = (
					"$(inherited)",
					"@executable_path/Frameworks",
				);
				PRODUCT_BUNDLE_IDENTIFIER = "com.danekolsen.Gravity-Toy";
				PRODUCT_NAME = "$(TARGET_NAME)";
				SWIFT_VERSION = 4.0;
				TARGETED_DEVICE_FAMILY = "1,2";
			};
			name = Release;
		};
/* End XCBuildConfiguration section */

/* Begin XCConfigurationList section */
		8BA4A9E520EFD97900E9FC5C /* Build configuration list for PBXProject "Gravity Toy" */ = {
			isa = XCConfigurationList;
			buildConfigurations = (
				8BA4AA0020EFD97A00E9FC5C /* Debug */,
				8BA4AA0120EFD97A00E9FC5C /* Release */,
			);
			defaultConfigurationIsVisible = 0;
			defaultConfigurationName = Release;
		};
		8BA4AA0220EFD97A00E9FC5C /* Build configuration list for PBXNativeTarget "Gravity Toy" */ = {
			isa = XCConfigurationList;
			buildConfigurations = (
				8BA4AA0320EFD97A00E9FC5C /* Debug */,
				8BA4AA0420EFD97A00E9FC5C /* Release */,
			);
			defaultConfigurationIsVisible = 0;
			defaultConfigurationName = Release;
		};
/* End XCConfigurationList section */
	};
	rootObject = 8BA4A9E220EFD97900E9FC5C /* Project object */;
}
